// !$*UTF8*$!
{
	archiveVersion = 1;
	classes = {
	};
	objectVersion = 50;
	objects = {

/* Begin PBXBuildFile section */
		0B72CAA025F37FC30066DC2F /* SignInView.swift in Sources */ = {isa = PBXBuildFile; fileRef = 0B72CA9F25F37FC30066DC2F /* SignInView.swift */; };
		0B72CAA325F3806B0066DC2F /* SignView.swift in Sources */ = {isa = PBXBuildFile; fileRef = 0B72CAA225F3806B0066DC2F /* SignView.swift */; };
		0B72CAA625F380F30066DC2F /* HomeView.swift in Sources */ = {isa = PBXBuildFile; fileRef = 0B72CAA525F380F30066DC2F /* HomeView.swift */; };
		0B72CAAC25F3828C0066DC2F /* RootView.swift in Sources */ = {isa = PBXBuildFile; fileRef = 0B72CAAB25F3828C0066DC2F /* RootView.swift */; };
		0B72CAAF25F3856E0066DC2F /* Auth.swift in Sources */ = {isa = PBXBuildFile; fileRef = 0B72CAAE25F3856E0066DC2F /* Auth.swift */; };
		0B72CABF25F3C0560066DC2F /* Token.swift in Sources */ = {isa = PBXBuildFile; fileRef = 0B72CABE25F3C0560066DC2F /* Token.swift */; };
		0B72CACC25F4FB150066DC2F /* SignInViewModel.swift in Sources */ = {isa = PBXBuildFile; fileRef = 0B72CACB25F4FB150066DC2F /* SignInViewModel.swift */; };
		0BA4058925EBA9E800A463B9 /* SignUpView.swift in Sources */ = {isa = PBXBuildFile; fileRef = 0BA4058825EBA9E800A463B9 /* SignUpView.swift */; };
		B12186F225D8967C00C11A79 /* HealthTalk_iOSApp.swift in Sources */ = {isa = PBXBuildFile; fileRef = B12186F125D8967C00C11A79 /* HealthTalk_iOSApp.swift */; };
		B12186F425D8967C00C11A79 /* ContentView.swift in Sources */ = {isa = PBXBuildFile; fileRef = B12186F325D8967C00C11A79 /* ContentView.swift */; };
		B12186F625D8967E00C11A79 /* Assets.xcassets in Resources */ = {isa = PBXBuildFile; fileRef = B12186F525D8967E00C11A79 /* Assets.xcassets */; };
		B12186F925D8967E00C11A79 /* Preview Assets.xcassets in Resources */ = {isa = PBXBuildFile; fileRef = B12186F825D8967E00C11A79 /* Preview Assets.xcassets */; };
/* End PBXBuildFile section */

/* Begin PBXFileReference section */
		0B72CA9F25F37FC30066DC2F /* SignInView.swift */ = {isa = PBXFileReference; lastKnownFileType = sourcecode.swift; path = SignInView.swift; sourceTree = "<group>"; };
		0B72CAA225F3806B0066DC2F /* SignView.swift */ = {isa = PBXFileReference; lastKnownFileType = sourcecode.swift; path = SignView.swift; sourceTree = "<group>"; };
		0B72CAA525F380F30066DC2F /* HomeView.swift */ = {isa = PBXFileReference; lastKnownFileType = sourcecode.swift; path = HomeView.swift; sourceTree = "<group>"; };
		0B72CAAB25F3828C0066DC2F /* RootView.swift */ = {isa = PBXFileReference; lastKnownFileType = sourcecode.swift; path = RootView.swift; sourceTree = "<group>"; };
		0B72CAAE25F3856E0066DC2F /* Auth.swift */ = {isa = PBXFileReference; lastKnownFileType = sourcecode.swift; path = Auth.swift; sourceTree = "<group>"; };
		0B72CABE25F3C0560066DC2F /* Token.swift */ = {isa = PBXFileReference; lastKnownFileType = sourcecode.swift; path = Token.swift; sourceTree = "<group>"; };
		0B72CACB25F4FB150066DC2F /* SignInViewModel.swift */ = {isa = PBXFileReference; lastKnownFileType = sourcecode.swift; path = SignInViewModel.swift; sourceTree = "<group>"; };
		0BA4058825EBA9E800A463B9 /* SignUpView.swift */ = {isa = PBXFileReference; lastKnownFileType = sourcecode.swift; path = SignUpView.swift; sourceTree = "<group>"; };
		B12186EE25D8967C00C11A79 /* HealthTalk-iOS.app */ = {isa = PBXFileReference; explicitFileType = wrapper.application; includeInIndex = 0; path = "HealthTalk-iOS.app"; sourceTree = BUILT_PRODUCTS_DIR; };
		B12186F125D8967C00C11A79 /* HealthTalk_iOSApp.swift */ = {isa = PBXFileReference; lastKnownFileType = sourcecode.swift; path = HealthTalk_iOSApp.swift; sourceTree = "<group>"; };
		B12186F325D8967C00C11A79 /* ContentView.swift */ = {isa = PBXFileReference; lastKnownFileType = sourcecode.swift; path = ContentView.swift; sourceTree = "<group>"; };
		B12186F525D8967E00C11A79 /* Assets.xcassets */ = {isa = PBXFileReference; lastKnownFileType = folder.assetcatalog; path = Assets.xcassets; sourceTree = "<group>"; };
		B12186F825D8967E00C11A79 /* Preview Assets.xcassets */ = {isa = PBXFileReference; lastKnownFileType = folder.assetcatalog; path = "Preview Assets.xcassets"; sourceTree = "<group>"; };
		B12186FA25D8967E00C11A79 /* Info.plist */ = {isa = PBXFileReference; lastKnownFileType = text.plist.xml; path = Info.plist; sourceTree = "<group>"; };
/* End PBXFileReference section */

/* Begin PBXFrameworksBuildPhase section */
		B12186EB25D8967C00C11A79 /* Frameworks */ = {
			isa = PBXFrameworksBuildPhase;
			buildActionMask = 2147483647;
			files = (
			);
			runOnlyForDeploymentPostprocessing = 0;
		};
/* End PBXFrameworksBuildPhase section */

/* Begin PBXGroup section */
		0B72CAB325F3A9890066DC2F /* AuthView */ = {
			isa = PBXGroup;
			children = (
				0B72CA9F25F37FC30066DC2F /* SignInView.swift */,
				0B72CAA225F3806B0066DC2F /* SignView.swift */,
				0BA4058825EBA9E800A463B9 /* SignUpView.swift */,
			);
			path = AuthView;
			sourceTree = "<group>";
		};
		0B72CAB425F3A9DD0066DC2F /* ContentView */ = {
			isa = PBXGroup;
			children = (
				0B72CAA525F380F30066DC2F /* HomeView.swift */,
				B12186F325D8967C00C11A79 /* ContentView.swift */,
			);
			path = ContentView;
			sourceTree = "<group>";
		};
		0B72CABB25F3B9220066DC2F /* Model */ = {
			isa = PBXGroup;
			children = (
				0B72CABE25F3C0560066DC2F /* Token.swift */,
			);
			path = Model;
			sourceTree = "<group>";
		};
		0B72CACA25F4FAF30066DC2F /* AuthViewModel */ = {
			isa = PBXGroup;
			children = (
				0B72CACB25F4FB150066DC2F /* SignInViewModel.swift */,
			);
			path = AuthViewModel;
			sourceTree = "<group>";
		};
		B12186E525D8967C00C11A79 = {
			isa = PBXGroup;
			children = (
				B12186F025D8967C00C11A79 /* HealthTalk-iOS */,
				B12186EF25D8967C00C11A79 /* Products */,
			);
			sourceTree = "<group>";
		};
		B12186EF25D8967C00C11A79 /* Products */ = {
			isa = PBXGroup;
			children = (
				B12186EE25D8967C00C11A79 /* HealthTalk-iOS.app */,
			);
			name = Products;
			sourceTree = "<group>";
		};
		B12186F025D8967C00C11A79 /* HealthTalk-iOS */ = {
			isa = PBXGroup;
			children = (
				B12186F125D8967C00C11A79 /* HealthTalk_iOSApp.swift */,
				0B72CAAB25F3828C0066DC2F /* RootView.swift */,
				0B72CABB25F3B9220066DC2F /* Model */,
				0B72CACA25F4FAF30066DC2F /* AuthViewModel */,
				0B72CAB325F3A9890066DC2F /* AuthView */,
				0B72CAB425F3A9DD0066DC2F /* ContentView */,
				0B72CAAE25F3856E0066DC2F /* Auth.swift */,
				B12186F525D8967E00C11A79 /* Assets.xcassets */,
				B12186FA25D8967E00C11A79 /* Info.plist */,
				B12186F725D8967E00C11A79 /* Preview Content */,
			);
			path = "HealthTalk-iOS";
			sourceTree = "<group>";
		};
		B12186F725D8967E00C11A79 /* Preview Content */ = {
			isa = PBXGroup;
			children = (
				B12186F825D8967E00C11A79 /* Preview Assets.xcassets */,
			);
			path = "Preview Content";
			sourceTree = "<group>";
		};
/* End PBXGroup section */

/* Begin PBXNativeTarget section */
		B12186ED25D8967C00C11A79 /* HealthTalk-iOS */ = {
			isa = PBXNativeTarget;
			buildConfigurationList = B12186FD25D8967E00C11A79 /* Build configuration list for PBXNativeTarget "HealthTalk-iOS" */;
			buildPhases = (
				B12186EA25D8967C00C11A79 /* Sources */,
				B12186EB25D8967C00C11A79 /* Frameworks */,
				B12186EC25D8967C00C11A79 /* Resources */,
			);
			buildRules = (
			);
			dependencies = (
			);
			name = "HealthTalk-iOS";
			productName = "HealthTalk-iOS";
			productReference = B12186EE25D8967C00C11A79 /* HealthTalk-iOS.app */;
			productType = "com.apple.product-type.application";
		};
/* End PBXNativeTarget section */

/* Begin PBXProject section */
		B12186E625D8967C00C11A79 /* Project object */ = {
			isa = PBXProject;
			attributes = {
				LastSwiftUpdateCheck = 1240;
				LastUpgradeCheck = 1240;
				TargetAttributes = {
					B12186ED25D8967C00C11A79 = {
						CreatedOnToolsVersion = 12.4;
					};
				};
			};
			buildConfigurationList = B12186E925D8967C00C11A79 /* Build configuration list for PBXProject "HealthTalk-iOS" */;
			compatibilityVersion = "Xcode 9.3";
			developmentRegion = en;
			hasScannedForEncodings = 0;
			knownRegions = (
				en,
				Base,
			);
			mainGroup = B12186E525D8967C00C11A79;
			productRefGroup = B12186EF25D8967C00C11A79 /* Products */;
			projectDirPath = "";
			projectRoot = "";
			targets = (
				B12186ED25D8967C00C11A79 /* HealthTalk-iOS */,
			);
		};
/* End PBXProject section */

/* Begin PBXResourcesBuildPhase section */
		B12186EC25D8967C00C11A79 /* Resources */ = {
			isa = PBXResourcesBuildPhase;
			buildActionMask = 2147483647;
			files = (
				B12186F925D8967E00C11A79 /* Preview Assets.xcassets in Resources */,
				B12186F625D8967E00C11A79 /* Assets.xcassets in Resources */,
			);
			runOnlyForDeploymentPostprocessing = 0;
		};
/* End PBXResourcesBuildPhase section */

/* Begin PBXSourcesBuildPhase section */
		B12186EA25D8967C00C11A79 /* Sources */ = {
			isa = PBXSourcesBuildPhase;
			buildActionMask = 2147483647;
			files = (
				0B72CAAC25F3828C0066DC2F /* RootView.swift in Sources */,
				B12186F425D8967C00C11A79 /* ContentView.swift in Sources */,
				0B72CAA325F3806B0066DC2F /* SignView.swift in Sources */,
				0BA4058925EBA9E800A463B9 /* SignUpView.swift in Sources */,
				0B72CACC25F4FB150066DC2F /* SignInViewModel.swift in Sources */,
				0B72CAA625F380F30066DC2F /* HomeView.swift in Sources */,
				0B72CABF25F3C0560066DC2F /* Token.swift in Sources */,
				0B72CAA025F37FC30066DC2F /* SignInView.swift in Sources */,
				B12186F225D8967C00C11A79 /* HealthTalk_iOSApp.swift in Sources */,
				0B72CAAF25F3856E0066DC2F /* Auth.swift in Sources */,
			);
			runOnlyForDeploymentPostprocessing = 0;
		};
/* End PBXSourcesBuildPhase section */

/* Begin XCBuildConfiguration section */
		B12186FB25D8967E00C11A79 /* Debug */ = {
			isa = XCBuildConfiguration;
			buildSettings = {
				ALWAYS_SEARCH_USER_PATHS = NO;
				CLANG_ANALYZER_NONNULL = YES;
				CLANG_ANALYZER_NUMBER_OBJECT_CONVERSION = YES_AGGRESSIVE;
				CLANG_CXX_LANGUAGE_STANDARD = "gnu++14";
				CLANG_CXX_LIBRARY = "libc++";
				CLANG_ENABLE_MODULES = YES;
				CLANG_ENABLE_OBJC_ARC = YES;
				CLANG_ENABLE_OBJC_WEAK = YES;
				CLANG_WARN_BLOCK_CAPTURE_AUTORELEASING = YES;
				CLANG_WARN_BOOL_CONVERSION = YES;
				CLANG_WARN_COMMA = YES;
				CLANG_WARN_CONSTANT_CONVERSION = YES;
				CLANG_WARN_DEPRECATED_OBJC_IMPLEMENTATIONS = YES;
				CLANG_WARN_DIRECT_OBJC_ISA_USAGE = YES_ERROR;
				CLANG_WARN_DOCUMENTATION_COMMENTS = YES;
				CLANG_WARN_EMPTY_BODY = YES;
				CLANG_WARN_ENUM_CONVERSION = YES;
				CLANG_WARN_INFINITE_RECURSION = YES;
				CLANG_WARN_INT_CONVERSION = YES;
				CLANG_WARN_NON_LITERAL_NULL_CONVERSION = YES;
				CLANG_WARN_OBJC_IMPLICIT_RETAIN_SELF = YES;
				CLANG_WARN_OBJC_LITERAL_CONVERSION = YES;
				CLANG_WARN_OBJC_ROOT_CLASS = YES_ERROR;
				CLANG_WARN_QUOTED_INCLUDE_IN_FRAMEWORK_HEADER = YES;
				CLANG_WARN_RANGE_LOOP_ANALYSIS = YES;
				CLANG_WARN_STRICT_PROTOTYPES = YES;
				CLANG_WARN_SUSPICIOUS_MOVE = YES;
				CLANG_WARN_UNGUARDED_AVAILABILITY = YES_AGGRESSIVE;
				CLANG_WARN_UNREACHABLE_CODE = YES;
				CLANG_WARN__DUPLICATE_METHOD_MATCH = YES;
				COPY_PHASE_STRIP = NO;
				DEBUG_INFORMATION_FORMAT = dwarf;
				ENABLE_STRICT_OBJC_MSGSEND = YES;
				ENABLE_TESTABILITY = YES;
				GCC_C_LANGUAGE_STANDARD = gnu11;
				GCC_DYNAMIC_NO_PIC = NO;
				GCC_NO_COMMON_BLOCKS = YES;
				GCC_OPTIMIZATION_LEVEL = 0;
				GCC_PREPROCESSOR_DEFINITIONS = (
					"DEBUG=1",
					"$(inherited)",
				);
				GCC_WARN_64_TO_32_BIT_CONVERSION = YES;
				GCC_WARN_ABOUT_RETURN_TYPE = YES_ERROR;
				GCC_WARN_UNDECLARED_SELECTOR = YES;
				GCC_WARN_UNINITIALIZED_AUTOS = YES_AGGRESSIVE;
				GCC_WARN_UNUSED_FUNCTION = YES;
				GCC_WARN_UNUSED_VARIABLE = YES;
				IPHONEOS_DEPLOYMENT_TARGET = 14.4;
				MTL_ENABLE_DEBUG_INFO = INCLUDE_SOURCE;
				MTL_FAST_MATH = YES;
				ONLY_ACTIVE_ARCH = YES;
				SDKROOT = iphoneos;
				SWIFT_ACTIVE_COMPILATION_CONDITIONS = DEBUG;
				SWIFT_OPTIMIZATION_LEVEL = "-Onone";
			};
			name = Debug;
		};
		B12186FC25D8967E00C11A79 /* Release */ = {
			isa = XCBuildConfiguration;
			buildSettings = {
				ALWAYS_SEARCH_USER_PATHS = NO;
				CLANG_ANALYZER_NONNULL = YES;
				CLANG_ANALYZER_NUMBER_OBJECT_CONVERSION = YES_AGGRESSIVE;
				CLANG_CXX_LANGUAGE_STANDARD = "gnu++14";
				CLANG_CXX_LIBRARY = "libc++";
				CLANG_ENABLE_MODULES = YES;
				CLANG_ENABLE_OBJC_ARC = YES;
				CLANG_ENABLE_OBJC_WEAK = YES;
				CLANG_WARN_BLOCK_CAPTURE_AUTORELEASING = YES;
				CLANG_WARN_BOOL_CONVERSION = YES;
				CLANG_WARN_COMMA = YES;
				CLANG_WARN_CONSTANT_CONVERSION = YES;
				CLANG_WARN_DEPRECATED_OBJC_IMPLEMENTATIONS = YES;
				CLANG_WARN_DIRECT_OBJC_ISA_USAGE = YES_ERROR;
				CLANG_WARN_DOCUMENTATION_COMMENTS = YES;
				CLANG_WARN_EMPTY_BODY = YES;
				CLANG_WARN_ENUM_CONVERSION = YES;
				CLANG_WARN_INFINITE_RECURSION = YES;
				CLANG_WARN_INT_CONVERSION = YES;
				CLANG_WARN_NON_LITERAL_NULL_CONVERSION = YES;
				CLANG_WARN_OBJC_IMPLICIT_RETAIN_SELF = YES;
				CLANG_WARN_OBJC_LITERAL_CONVERSION = YES;
				CLANG_WARN_OBJC_ROOT_CLASS = YES_ERROR;
				CLANG_WARN_QUOTED_INCLUDE_IN_FRAMEWORK_HEADER = YES;
				CLANG_WARN_RANGE_LOOP_ANALYSIS = YES;
				CLANG_WARN_STRICT_PROTOTYPES = YES;
				CLANG_WARN_SUSPICIOUS_MOVE = YES;
				CLANG_WARN_UNGUARDED_AVAILABILITY = YES_AGGRESSIVE;
				CLANG_WARN_UNREACHABLE_CODE = YES;
				CLANG_WARN__DUPLICATE_METHOD_MATCH = YES;
				COPY_PHASE_STRIP = NO;
				DEBUG_INFORMATION_FORMAT = "dwarf-with-dsym";
				ENABLE_NS_ASSERTIONS = NO;
				ENABLE_STRICT_OBJC_MSGSEND = YES;
				GCC_C_LANGUAGE_STANDARD = gnu11;
				GCC_NO_COMMON_BLOCKS = YES;
				GCC_WARN_64_TO_32_BIT_CONVERSION = YES;
				GCC_WARN_ABOUT_RETURN_TYPE = YES_ERROR;
				GCC_WARN_UNDECLARED_SELECTOR = YES;
				GCC_WARN_UNINITIALIZED_AUTOS = YES_AGGRESSIVE;
				GCC_WARN_UNUSED_FUNCTION = YES;
				GCC_WARN_UNUSED_VARIABLE = YES;
				IPHONEOS_DEPLOYMENT_TARGET = 14.4;
				MTL_ENABLE_DEBUG_INFO = NO;
				MTL_FAST_MATH = YES;
				SDKROOT = iphoneos;
				SWIFT_COMPILATION_MODE = wholemodule;
				SWIFT_OPTIMIZATION_LEVEL = "-O";
				VALIDATE_PRODUCT = YES;
			};
			name = Release;
		};
		B12186FE25D8967E00C11A79 /* Debug */ = {
			isa = XCBuildConfiguration;
			buildSettings = {
				ASSETCATALOG_COMPILER_APPICON_NAME = AppIcon;
				ASSETCATALOG_COMPILER_GLOBAL_ACCENT_COLOR_NAME = AccentColor;
				CODE_SIGN_STYLE = Automatic;
				DEVELOPMENT_ASSET_PATHS = "\"HealthTalk-iOS/Preview Content\"";
				DEVELOPMENT_TEAM = 8623HN2J8Z;
				ENABLE_PREVIEWS = YES;
				INFOPLIST_FILE = "HealthTalk-iOS/Info.plist";
				IPHONEOS_DEPLOYMENT_TARGET = 14.0;
				LD_RUNPATH_SEARCH_PATHS = (
					"$(inherited)",
					"@executable_path/Frameworks",
				);
				PRODUCT_BUNDLE_IDENTIFIER = "com.Ossamoon.HealthTalk-iOS";
				PRODUCT_NAME = "$(TARGET_NAME)";
				SWIFT_VERSION = 5.0;
				TARGETED_DEVICE_FAMILY = "1,2";
			};
			name = Debug;
		};
		B12186FF25D8967E00C11A79 /* Release */ = {
			isa = XCBuildConfiguration;
			buildSettings = {
				ASSETCATALOG_COMPILER_APPICON_NAME = AppIcon;
				ASSETCATALOG_COMPILER_GLOBAL_ACCENT_COLOR_NAME = AccentColor;
				CODE_SIGN_STYLE = Automatic;
				DEVELOPMENT_ASSET_PATHS = "\"HealthTalk-iOS/Preview Content\"";
				DEVELOPMENT_TEAM = 8623HN2J8Z;
				ENABLE_PREVIEWS = YES;
				INFOPLIST_FILE = "HealthTalk-iOS/Info.plist";
				IPHONEOS_DEPLOYMENT_TARGET = 14.0;
				LD_RUNPATH_SEARCH_PATHS = (
					"$(inherited)",
					"@executable_path/Frameworks",
				);
				PRODUCT_BUNDLE_IDENTIFIER = "com.Ossamoon.HealthTalk-iOS";
				PRODUCT_NAME = "$(TARGET_NAME)";
				SWIFT_VERSION = 5.0;
				TARGETED_DEVICE_FAMILY = "1,2";
			};
			name = Release;
		};
/* End XCBuildConfiguration section */

/* Begin XCConfigurationList section */
		B12186E925D8967C00C11A79 /* Build configuration list for PBXProject "HealthTalk-iOS" */ = {
			isa = XCConfigurationList;
			buildConfigurations = (
				B12186FB25D8967E00C11A79 /* Debug */,
				B12186FC25D8967E00C11A79 /* Release */,
			);
			defaultConfigurationIsVisible = 0;
			defaultConfigurationName = Release;
		};
		B12186FD25D8967E00C11A79 /* Build configuration list for PBXNativeTarget "HealthTalk-iOS" */ = {
			isa = XCConfigurationList;
			buildConfigurations = (
				B12186FE25D8967E00C11A79 /* Debug */,
				B12186FF25D8967E00C11A79 /* Release */,
			);
			defaultConfigurationIsVisible = 0;
			defaultConfigurationName = Release;
		};
/* End XCConfigurationList section */
	};
	rootObject = B12186E625D8967C00C11A79 /* Project object */;
}
